
Microsoft Visual Studio Solution File, Format Version 12.00
# Visual Studio Version 17
VisualStudioVersion = 17.6.33815.320
MinimumVisualStudioVersion = 10.0.40219.1
Project("{9A19103F-16F7-4668-BE54-9A1E7A4F7556}") = "b1-task2.WPF", "b1-task2.WPF\b1-task2.WPF.csproj", "{B65EDC75-A14D-4BB7-A7C9-C1146682D2FA}"
EndProject
Project("{9A19103F-16F7-4668-BE54-9A1E7A4F7556}") = "b1-task2.DAL", "b1-task2.DAL\b1-task2.DAL.csproj", "{A2BFB230-7872-4F3C-889F-A0590C82061C}"
EndProject
Project("{9A19103F-16F7-4668-BE54-9A1E7A4F7556}") = "b1-task2.BLL", "b1-task2.BLL\b1-task2.BLL.csproj", "{F65073FA-1EA5-4B91-A2BE-9D12BF9A58C8}"
EndProject
Global
	GlobalSection(SolutionConfigurationPlatforms) = preSolution
		Debug|Any CPU = Debug|Any CPU
		Release|Any CPU = Release|Any CPU
	EndGlobalSection
	GlobalSection(ProjectConfigurationPlatforms) = postSolution
		{B65EDC75-A14D-4BB7-A7C9-C1146682D2FA}.Debug|Any CPU.ActiveCfg = Debug|Any CPU
		{B65EDC75-A14D-4BB7-A7C9-C1146682D2FA}.Debug|Any CPU.Build.0 = Debug|Any CPU
		{B65EDC75-A14D-4BB7-A7C9-C1146682D2FA}.Release|Any CPU.ActiveCfg = Release|Any CPU
		{B65EDC75-A14D-4BB7-A7C9-C1146682D2FA}.Release|Any CPU.Build.0 = Release|Any CPU
		{A2BFB230-7872-4F3C-889F-A0590C82061C}.Debug|Any CPU.ActiveCfg = Debug|Any CPU
		{A2BFB230-7872-4F3C-889F-A0590C82061C}.Debug|Any CPU.Build.0 = Debug|Any CPU
		{A2BFB230-7872-4F3C-889F-A0590C82061C}.Release|Any CPU.ActiveCfg = Release|Any CPU
		{A2BFB230-7872-4F3C-889F-A0590C82061C}.Release|Any CPU.Build.0 = Release|Any CPU
		{F65073FA-1EA5-4B91-A2BE-9D12BF9A58C8}.Debug|Any CPU.ActiveCfg = Debug|Any CPU
		{F65073FA-1EA5-4B91-A2BE-9D12BF9A58C8}.Debug|Any CPU.Build.0 = Debug|Any CPU
		{F65073FA-1EA5-4B91-A2BE-9D12BF9A58C8}.Release|Any CPU.ActiveCfg = Release|Any CPU
		{F65073FA-1EA5-4B91-A2BE-9D12BF9A58C8}.Release|Any CPU.Build.0 = Release|Any CPU
	EndGlobalSection
	GlobalSection(SolutionProperties) = preSolution
		HideSolutionNode = FALSE
	EndGlobalSection
	GlobalSection(ExtensibilityGlobals) = postSolution
		SolutionGuid = {80217506-C997-4158-BCCE-541F3FEC7986}
	EndGlobalSection
EndGlobal
